
Microsoft Visual Studio Solution File, Format Version 12.00
# Visual Studio Version 17
VisualStudioVersion = 17.14.36705.20 d17.14
MinimumVisualStudioVersion = 10.0.40219.1
Project("{FAE04EC0-301F-11D3-BF4B-00C04F79EFBC}") = "TO_Basic_App_Github", "TO_Basic_App_Github\TO_Basic_App_Github.csproj", "{7C1D2711-F05C-4678-BDFD-257E6578B1FD}"
EndProject
Project("{FAE04EC0-301F-11D3-BF4B-00C04F79EFBC}") = "TO_Core_test", "TO_Core_test\TO_Core_test.csproj", "{728B34A4-6BEF-47F3-96A3-790DBCEA2D72}"
EndProject
Global
	GlobalSection(SolutionConfigurationPlatforms) = preSolution
		Debug|Any CPU = Debug|Any CPU
		Release|Any CPU = Release|Any CPU
	EndGlobalSection
	GlobalSection(ProjectConfigurationPlatforms) = postSolution
		{7C1D2711-F05C-4678-BDFD-257E6578B1FD}.Debug|Any CPU.ActiveCfg = Debug|Any CPU
		{7C1D2711-F05C-4678-BDFD-257E6578B1FD}.Debug|Any CPU.Build.0 = Debug|Any CPU
		{7C1D2711-F05C-4678-BDFD-257E6578B1FD}.Release|Any CPU.ActiveCfg = Release|Any CPU
		{7C1D2711-F05C-4678-BDFD-257E6578B1FD}.Release|Any CPU.Build.0 = Release|Any CPU
		{728B34A4-6BEF-47F3-96A3-790DBCEA2D72}.Debug|Any CPU.ActiveCfg = Debug|Any CPU
		{728B34A4-6BEF-47F3-96A3-790DBCEA2D72}.Debug|Any CPU.Build.0 = Debug|Any CPU
		{728B34A4-6BEF-47F3-96A3-790DBCEA2D72}.Release|Any CPU.ActiveCfg = Release|Any CPU
		{728B34A4-6BEF-47F3-96A3-790DBCEA2D72}.Release|Any CPU.Build.0 = Release|Any CPU
	EndGlobalSection
	GlobalSection(SolutionProperties) = preSolution
		HideSolutionNode = FALSE
	EndGlobalSection
	GlobalSection(ExtensibilityGlobals) = postSolution
		SolutionGuid = {D17DBB86-FAB2-4053-8660-88C089DA6921}
	EndGlobalSection
EndGlobal
